
Microsoft Visual Studio Solution File, Format Version 12.00
# Visual Studio Version 16
VisualStudioVersion = 16.0.35706.149
MinimumVisualStudioVersion = 10.0.40219.1
Project("{FAE04EC0-301F-11D3-BF4B-00C04F79EFBC}") = "Exercicios", "Exercicios.csproj", "{58FE9E1C-535B-4587-B174-8D690CC9AD2B}"
EndProject
Global
	GlobalSection(SolutionConfigurationPlatforms) = preSolution
		Debug|Any CPU = Debug|Any CPU
		Release|Any CPU = Release|Any CPU
	EndGlobalSection
	GlobalSection(ProjectConfigurationPlatforms) = postSolution
		{58FE9E1C-535B-4587-B174-8D690CC9AD2B}.Debug|Any CPU.ActiveCfg = Debug|Any CPU
		{58FE9E1C-535B-4587-B174-8D690CC9AD2B}.Debug|Any CPU.Build.0 = Debug|Any CPU
		{58FE9E1C-535B-4587-B174-8D690CC9AD2B}.Release|Any CPU.ActiveCfg = Release|Any CPU
		{58FE9E1C-535B-4587-B174-8D690CC9AD2B}.Release|Any CPU.Build.0 = Release|Any CPU
	EndGlobalSection
	GlobalSection(SolutionProperties) = preSolution
		HideSolutionNode = FALSE
	EndGlobalSection
	GlobalSection(ExtensibilityGlobals) = postSolution
		SolutionGuid = {FC217090-EC61-4920-B177-AEE0B926BBFA}
	EndGlobalSection
EndGlobal
